// !$*UTF8*$!
{
	archiveVersion = 1;
	classes = {
	};
	objectVersion = 55;
	objects = {

/* Begin PBXBuildFile section */
		298A2E91285EB9E600E01A22 /* Transactions.storyboard in Resources */ = {isa = PBXBuildFile; fileRef = 298A2E90285EB9E600E01A22 /* Transactions.storyboard */; };
		298A2E93285EBACE00E01A22 /* Profile.storyboard in Resources */ = {isa = PBXBuildFile; fileRef = 298A2E92285EBACE00E01A22 /* Profile.storyboard */; };
		298A2E97285EBB3300E01A22 /* Budget.storyboard in Resources */ = {isa = PBXBuildFile; fileRef = 298A2E96285EBB3300E01A22 /* Budget.storyboard */; };
		298A2E99285EBB6A00E01A22 /* Statistics.storyboard in Resources */ = {isa = PBXBuildFile; fileRef = 298A2E98285EBB6A00E01A22 /* Statistics.storyboard */; };
		298A2E9B285EBD0B00E01A22 /* SignIn.storyboard in Resources */ = {isa = PBXBuildFile; fileRef = 298A2E9A285EBD0A00E01A22 /* SignIn.storyboard */; };
		298A2E9E285ECA9B00E01A22 /* Colors.xcassets in Resources */ = {isa = PBXBuildFile; fileRef = 298A2E9D285ECA9B00E01A22 /* Colors.xcassets */; };
		298A2EA1285ED57F00E01A22 /* Shadow.swift in Sources */ = {isa = PBXBuildFile; fileRef = 298A2EA0285ED57F00E01A22 /* Shadow.swift */; };
		29A608CB285E5A2300B910B4 /* AppDelegate.swift in Sources */ = {isa = PBXBuildFile; fileRef = 29A608CA285E5A2300B910B4 /* AppDelegate.swift */; };
		29A608CD285E5A2300B910B4 /* SceneDelegate.swift in Sources */ = {isa = PBXBuildFile; fileRef = 29A608CC285E5A2300B910B4 /* SceneDelegate.swift */; };
		29A608CF285E5A2300B910B4 /* ViewController.swift in Sources */ = {isa = PBXBuildFile; fileRef = 29A608CE285E5A2300B910B4 /* ViewController.swift */; };
		29A608D2285E5A2300B910B4 /* Main.storyboard in Resources */ = {isa = PBXBuildFile; fileRef = 29A608D0285E5A2300B910B4 /* Main.storyboard */; };
		29A608D4285E5A2400B910B4 /* Assets.xcassets in Resources */ = {isa = PBXBuildFile; fileRef = 29A608D3285E5A2400B910B4 /* Assets.xcassets */; };
		29A608D7285E5A2400B910B4 /* LaunchScreen.storyboard in Resources */ = {isa = PBXBuildFile; fileRef = 29A608D5285E5A2400B910B4 /* LaunchScreen.storyboard */; };
		29A608E2285E5F5000B910B4 /* ViewController.swift in Sources */ = {isa = PBXBuildFile; fileRef = 29A608CE285E5A2300B910B4 /* ViewController.swift */; };
		29A608E3285E5F5000B910B4 /* AppDelegate.swift in Sources */ = {isa = PBXBuildFile; fileRef = 29A608CA285E5A2300B910B4 /* AppDelegate.swift */; };
		29A608E4285E5F5000B910B4 /* SceneDelegate.swift in Sources */ = {isa = PBXBuildFile; fileRef = 29A608CC285E5A2300B910B4 /* SceneDelegate.swift */; };
		29A608E7285E5F5000B910B4 /* LaunchScreen.storyboard in Resources */ = {isa = PBXBuildFile; fileRef = 29A608D5285E5A2400B910B4 /* LaunchScreen.storyboard */; };
		29A608E8285E5F5000B910B4 /* Assets.xcassets in Resources */ = {isa = PBXBuildFile; fileRef = 29A608D3285E5A2400B910B4 /* Assets.xcassets */; };
		29A608E9285E5F5000B910B4 /* Main.storyboard in Resources */ = {isa = PBXBuildFile; fileRef = 29A608D0285E5A2300B910B4 /* Main.storyboard */; };
		29A608F1285E600F00B910B4 /* MapKit.framework in Frameworks */ = {isa = PBXBuildFile; fileRef = 29A608F0285E600F00B910B4 /* MapKit.framework */; };
		29CE9F14285F6ECF004D8B16 /* OnBoarding.storyboard in Resources */ = {isa = PBXBuildFile; fileRef = 29CE9F13285F6ECF004D8B16 /* OnBoarding.storyboard */; };
		29CE9F16285F76E2004D8B16 /* OnBoardingContainerViewController.swift in Sources */ = {isa = PBXBuildFile; fileRef = 29CE9F15285F76E2004D8B16 /* OnBoardingContainerViewController.swift */; };
		29CE9F17285F76E2004D8B16 /* OnBoardingContainerViewController.swift in Sources */ = {isa = PBXBuildFile; fileRef = 29CE9F15285F76E2004D8B16 /* OnBoardingContainerViewController.swift */; };
		29CE9F19285F7908004D8B16 /* OnBoardingViewController.swift in Sources */ = {isa = PBXBuildFile; fileRef = 29CE9F18285F7908004D8B16 /* OnBoardingViewController.swift */; };
		29CE9F1A285F7908004D8B16 /* OnBoardingViewController.swift in Sources */ = {isa = PBXBuildFile; fileRef = 29CE9F18285F7908004D8B16 /* OnBoardingViewController.swift */; };
		29CE9F1C285F7EA7004D8B16 /* OnBoardingStepsViewController.swift in Sources */ = {isa = PBXBuildFile; fileRef = 29CE9F1B285F7EA7004D8B16 /* OnBoardingStepsViewController.swift */; };
		29CE9F1D285F7EA7004D8B16 /* OnBoardingStepsViewController.swift in Sources */ = {isa = PBXBuildFile; fileRef = 29CE9F1B285F7EA7004D8B16 /* OnBoardingStepsViewController.swift */; };
		29CE9F1F285FE179004D8B16 /* TransactionsViewController.swift in Sources */ = {isa = PBXBuildFile; fileRef = 29CE9F1E285FE179004D8B16 /* TransactionsViewController.swift */; };
		29CE9F20285FE179004D8B16 /* TransactionsViewController.swift in Sources */ = {isa = PBXBuildFile; fileRef = 29CE9F1E285FE179004D8B16 /* TransactionsViewController.swift */; };
		29CE9F222860C6FD004D8B16 /* EmptyState.xib in Resources */ = {isa = PBXBuildFile; fileRef = 29CE9F212860C6FD004D8B16 /* EmptyState.xib */; };
		29CE9F232860C6FD004D8B16 /* EmptyState.xib in Resources */ = {isa = PBXBuildFile; fileRef = 29CE9F212860C6FD004D8B16 /* EmptyState.xib */; };
		29CE9F262860D5AE004D8B16 /* Add.storyboard in Resources */ = {isa = PBXBuildFile; fileRef = 29CE9F252860D5AE004D8B16 /* Add.storyboard */; };
		29CE9F272860D5AE004D8B16 /* Add.storyboard in Resources */ = {isa = PBXBuildFile; fileRef = 29CE9F252860D5AE004D8B16 /* Add.storyboard */; };
		29CE9F292860D7B1004D8B16 /* TabBarViewController.swift in Sources */ = {isa = PBXBuildFile; fileRef = 29CE9F282860D7B1004D8B16 /* TabBarViewController.swift */; };
		29CE9F2A2860D7B1004D8B16 /* TabBarViewController.swift in Sources */ = {isa = PBXBuildFile; fileRef = 29CE9F282860D7B1004D8B16 /* TabBarViewController.swift */; };
		29CE9F2C2860DA69004D8B16 /* AddViewController.swift in Sources */ = {isa = PBXBuildFile; fileRef = 29CE9F2B2860DA69004D8B16 /* AddViewController.swift */; };
		29CE9F2D2860DA69004D8B16 /* AddViewController.swift in Sources */ = {isa = PBXBuildFile; fileRef = 29CE9F2B2860DA69004D8B16 /* AddViewController.swift */; };
		29CE9F2F286111B7004D8B16 /* TransactionsCell.xib in Resources */ = {isa = PBXBuildFile; fileRef = 29CE9F2E286111B7004D8B16 /* TransactionsCell.xib */; };
		29CE9F30286111B7004D8B16 /* TransactionsCell.xib in Resources */ = {isa = PBXBuildFile; fileRef = 29CE9F2E286111B7004D8B16 /* TransactionsCell.xib */; };
		29CE9F3228611278004D8B16 /* BudgetViewController.swift in Sources */ = {isa = PBXBuildFile; fileRef = 29CE9F3128611278004D8B16 /* BudgetViewController.swift */; };
		29CE9F3328611278004D8B16 /* BudgetViewController.swift in Sources */ = {isa = PBXBuildFile; fileRef = 29CE9F3128611278004D8B16 /* BudgetViewController.swift */; };
		29CE9F3628611710004D8B16 /* Tools.swift in Sources */ = {isa = PBXBuildFile; fileRef = 29CE9F3528611710004D8B16 /* Tools.swift */; };
		29CE9F3728611710004D8B16 /* Tools.swift in Sources */ = {isa = PBXBuildFile; fileRef = 29CE9F3528611710004D8B16 /* Tools.swift */; };
/* End PBXBuildFile section */

/* Begin PBXFileReference section */
		298A2E90285EB9E600E01A22 /* Transactions.storyboard */ = {isa = PBXFileReference; fileEncoding = 4; lastKnownFileType = file.storyboard; path = Transactions.storyboard; sourceTree = "<group>"; };
		298A2E92285EBACE00E01A22 /* Profile.storyboard */ = {isa = PBXFileReference; fileEncoding = 4; lastKnownFileType = file.storyboard; path = Profile.storyboard; sourceTree = "<group>"; };
		298A2E96285EBB3300E01A22 /* Budget.storyboard */ = {isa = PBXFileReference; fileEncoding = 4; lastKnownFileType = file.storyboard; path = Budget.storyboard; sourceTree = "<group>"; };
		298A2E98285EBB6A00E01A22 /* Statistics.storyboard */ = {isa = PBXFileReference; fileEncoding = 4; lastKnownFileType = file.storyboard; path = Statistics.storyboard; sourceTree = "<group>"; };
		298A2E9A285EBD0A00E01A22 /* SignIn.storyboard */ = {isa = PBXFileReference; lastKnownFileType = file.storyboard; path = SignIn.storyboard; sourceTree = "<group>"; };
		298A2E9D285ECA9B00E01A22 /* Colors.xcassets */ = {isa = PBXFileReference; lastKnownFileType = folder.assetcatalog; path = Colors.xcassets; sourceTree = "<group>"; };
		298A2EA0285ED57F00E01A22 /* Shadow.swift */ = {isa = PBXFileReference; lastKnownFileType = sourcecode.swift; path = Shadow.swift; sourceTree = "<group>"; };
		29A608C7285E5A2300B910B4 /* PlatziFinances.app */ = {isa = PBXFileReference; explicitFileType = wrapper.application; includeInIndex = 0; path = PlatziFinances.app; sourceTree = BUILT_PRODUCTS_DIR; };
		29A608CA285E5A2300B910B4 /* AppDelegate.swift */ = {isa = PBXFileReference; lastKnownFileType = sourcecode.swift; path = AppDelegate.swift; sourceTree = "<group>"; };
		29A608CC285E5A2300B910B4 /* SceneDelegate.swift */ = {isa = PBXFileReference; lastKnownFileType = sourcecode.swift; path = SceneDelegate.swift; sourceTree = "<group>"; };
		29A608CE285E5A2300B910B4 /* ViewController.swift */ = {isa = PBXFileReference; lastKnownFileType = sourcecode.swift; path = ViewController.swift; sourceTree = "<group>"; };
		29A608D1285E5A2300B910B4 /* Base */ = {isa = PBXFileReference; lastKnownFileType = file.storyboard; name = Base; path = Base.lproj/Main.storyboard; sourceTree = "<group>"; };
		29A608D3285E5A2400B910B4 /* Assets.xcassets */ = {isa = PBXFileReference; lastKnownFileType = folder.assetcatalog; path = Assets.xcassets; sourceTree = "<group>"; };
		29A608D6285E5A2400B910B4 /* Base */ = {isa = PBXFileReference; lastKnownFileType = file.storyboard; name = Base; path = Base.lproj/LaunchScreen.storyboard; sourceTree = "<group>"; };
		29A608D8285E5A2400B910B4 /* Info.plist */ = {isa = PBXFileReference; lastKnownFileType = text.plist.xml; path = Info.plist; sourceTree = "<group>"; };
		29A608ED285E5F5000B910B4 /* Production.app */ = {isa = PBXFileReference; explicitFileType = wrapper.application; includeInIndex = 0; path = Production.app; sourceTree = BUILT_PRODUCTS_DIR; };
		29A608EE285E5F5000B910B4 /* Production.plist */ = {isa = PBXFileReference; lastKnownFileType = text.plist.xml; name = Production.plist; path = /Users/jhonyferangarita/iOS/PlatziFinances/Production.plist; sourceTree = "<absolute>"; };
		29A608F0285E600F00B910B4 /* MapKit.framework */ = {isa = PBXFileReference; lastKnownFileType = wrapper.framework; name = MapKit.framework; path = System/Library/Frameworks/MapKit.framework; sourceTree = SDKROOT; };
		29CE9F13285F6ECF004D8B16 /* OnBoarding.storyboard */ = {isa = PBXFileReference; lastKnownFileType = file.storyboard; path = OnBoarding.storyboard; sourceTree = "<group>"; };
		29CE9F15285F76E2004D8B16 /* OnBoardingContainerViewController.swift */ = {isa = PBXFileReference; lastKnownFileType = sourcecode.swift; path = OnBoardingContainerViewController.swift; sourceTree = "<group>"; };
		29CE9F18285F7908004D8B16 /* OnBoardingViewController.swift */ = {isa = PBXFileReference; lastKnownFileType = sourcecode.swift; path = OnBoardingViewController.swift; sourceTree = "<group>"; };
		29CE9F1B285F7EA7004D8B16 /* OnBoardingStepsViewController.swift */ = {isa = PBXFileReference; lastKnownFileType = sourcecode.swift; path = OnBoardingStepsViewController.swift; sourceTree = "<group>"; };
		29CE9F1E285FE179004D8B16 /* TransactionsViewController.swift */ = {isa = PBXFileReference; lastKnownFileType = sourcecode.swift; path = TransactionsViewController.swift; sourceTree = "<group>"; };
		29CE9F212860C6FD004D8B16 /* EmptyState.xib */ = {isa = PBXFileReference; lastKnownFileType = file.xib; path = EmptyState.xib; sourceTree = "<group>"; };
		29CE9F252860D5AE004D8B16 /* Add.storyboard */ = {isa = PBXFileReference; lastKnownFileType = file.storyboard; path = Add.storyboard; sourceTree = "<group>"; };
		29CE9F282860D7B1004D8B16 /* TabBarViewController.swift */ = {isa = PBXFileReference; lastKnownFileType = sourcecode.swift; path = TabBarViewController.swift; sourceTree = "<group>"; };
		29CE9F2B2860DA69004D8B16 /* AddViewController.swift */ = {isa = PBXFileReference; lastKnownFileType = sourcecode.swift; path = AddViewController.swift; sourceTree = "<group>"; };
		29CE9F2E286111B7004D8B16 /* TransactionsCell.xib */ = {isa = PBXFileReference; lastKnownFileType = file.xib; path = TransactionsCell.xib; sourceTree = "<group>"; };
		29CE9F3128611278004D8B16 /* BudgetViewController.swift */ = {isa = PBXFileReference; lastKnownFileType = sourcecode.swift; path = BudgetViewController.swift; sourceTree = "<group>"; };
		29CE9F3528611710004D8B16 /* Tools.swift */ = {isa = PBXFileReference; lastKnownFileType = sourcecode.swift; path = Tools.swift; sourceTree = "<group>"; };
/* End PBXFileReference section */

/* Begin PBXFrameworksBuildPhase section */
		29A608C4285E5A2300B910B4 /* Frameworks */ = {
			isa = PBXFrameworksBuildPhase;
			buildActionMask = 2147483647;
			files = (
				29A608F1285E600F00B910B4 /* MapKit.framework in Frameworks */,
			);
			runOnlyForDeploymentPostprocessing = 0;
		};
		29A608E5285E5F5000B910B4 /* Frameworks */ = {
			isa = PBXFrameworksBuildPhase;
			buildActionMask = 2147483647;
			files = (
			);
			runOnlyForDeploymentPostprocessing = 0;
		};
/* End PBXFrameworksBuildPhase section */

/* Begin PBXGroup section */
		298A2E94285EBAFA00E01A22 /* Statistics */ = {
			isa = PBXGroup;
			children = (
				298A2E98285EBB6A00E01A22 /* Statistics.storyboard */,
			);
			path = Statistics;
			sourceTree = "<group>";
		};
		298A2E95285EBB0A00E01A22 /* Budget */ = {
			isa = PBXGroup;
			children = (
				298A2E96285EBB3300E01A22 /* Budget.storyboard */,
				29CE9F3128611278004D8B16 /* BudgetViewController.swift */,
			);
			path = Budget;
			sourceTree = "<group>";
		};
		298A2E9C285ECA7F00E01A22 /* Colors */ = {
			isa = PBXGroup;
			children = (
				298A2E9D285ECA9B00E01A22 /* Colors.xcassets */,
			);
			path = Colors;
			sourceTree = "<group>";
		};
		298A2E9F285ED56A00E01A22 /* Extensions */ = {
			isa = PBXGroup;
			children = (
				298A2EA0285ED57F00E01A22 /* Shadow.swift */,
			);
			path = Extensions;
			sourceTree = "<group>";
		};
		29A608BE285E5A2300B910B4 = {
			isa = PBXGroup;
			children = (
				29A608C9285E5A2300B910B4 /* PlatziFinances */,
				29A608C8285E5A2300B910B4 /* Products */,
				29A608EF285E600F00B910B4 /* Frameworks */,
			);
			sourceTree = "<group>";
		};
		29A608C8285E5A2300B910B4 /* Products */ = {
			isa = PBXGroup;
			children = (
				29A608C7285E5A2300B910B4 /* PlatziFinances.app */,
				29A608ED285E5F5000B910B4 /* Production.app */,
			);
			name = Products;
			sourceTree = "<group>";
		};
		29A608C9285E5A2300B910B4 /* PlatziFinances */ = {
			isa = PBXGroup;
			children = (
				29CE9F3428611700004D8B16 /* Tools */,
				298A2E9F285ED56A00E01A22 /* Extensions */,
				29A608EE285E5F5000B910B4 /* Production.plist */,
				29A608D8285E5A2400B910B4 /* Info.plist */,
				29A608F4285E613100B910B4 /* Resources */,
				29A608F3285E60EC00B910B4 /* Base */,
				29A608F2285E60DD00B910B4 /* Application */,
			);
			path = PlatziFinances;
			sourceTree = "<group>";
		};
		29A608EF285E600F00B910B4 /* Frameworks */ = {
			isa = PBXGroup;
			children = (
				29A608F0285E600F00B910B4 /* MapKit.framework */,
			);
			name = Frameworks;
			sourceTree = "<group>";
		};
		29A608F2285E60DD00B910B4 /* Application */ = {
			isa = PBXGroup;
			children = (
				29A608F6285E617000B910B4 /* Authentication */,
				29A608F9285E61AB00B910B4 /* Main */,
			);
			path = Application;
			sourceTree = "<group>";
		};
		29A608F3285E60EC00B910B4 /* Base */ = {
			isa = PBXGroup;
			children = (
				29A608CE285E5A2300B910B4 /* ViewController.swift */,
				29A608CA285E5A2300B910B4 /* AppDelegate.swift */,
				29A608CC285E5A2300B910B4 /* SceneDelegate.swift */,
				29A608D5285E5A2400B910B4 /* LaunchScreen.storyboard */,
			);
			path = Base;
			sourceTree = "<group>";
		};
		29A608F4285E613100B910B4 /* Resources */ = {
			isa = PBXGroup;
			children = (
				298A2E9C285ECA7F00E01A22 /* Colors */,
				29A608F5285E614A00B910B4 /* Images */,
			);
			path = Resources;
			sourceTree = "<group>";
		};
		29A608F5285E614A00B910B4 /* Images */ = {
			isa = PBXGroup;
			children = (
				29A608D3285E5A2400B910B4 /* Assets.xcassets */,
			);
			path = Images;
			sourceTree = "<group>";
		};
		29A608F6285E617000B910B4 /* Authentication */ = {
			isa = PBXGroup;
			children = (
				29A608F8285E619700B910B4 /* SingIn */,
				29A608F7285E617D00B910B4 /* OnBoarding */,
			);
			path = Authentication;
			sourceTree = "<group>";
		};
		29A608F7285E617D00B910B4 /* OnBoarding */ = {
			isa = PBXGroup;
			children = (
				29CE9F13285F6ECF004D8B16 /* OnBoarding.storyboard */,
				29CE9F15285F76E2004D8B16 /* OnBoardingContainerViewController.swift */,
				29CE9F18285F7908004D8B16 /* OnBoardingViewController.swift */,
				29CE9F1B285F7EA7004D8B16 /* OnBoardingStepsViewController.swift */,
			);
			path = OnBoarding;
			sourceTree = "<group>";
		};
		29A608F8285E619700B910B4 /* SingIn */ = {
			isa = PBXGroup;
			children = (
				298A2E9A285EBD0A00E01A22 /* SignIn.storyboard */,
			);
			path = SingIn;
			sourceTree = "<group>";
		};
		29A608F9285E61AB00B910B4 /* Main */ = {
			isa = PBXGroup;
			children = (
				29CE9F242860D59E004D8B16 /* Add */,
				29A608FB285E61D300B910B4 /* Transactions */,
				298A2E95285EBB0A00E01A22 /* Budget */,
				298A2E94285EBAFA00E01A22 /* Statistics */,
				29A608FC285E62C700B910B4 /* Main */,
				29A608FA285E61CA00B910B4 /* Profile */,
			);
			path = Main;
			sourceTree = "<group>";
		};
		29A608FA285E61CA00B910B4 /* Profile */ = {
			isa = PBXGroup;
			children = (
				298A2E92285EBACE00E01A22 /* Profile.storyboard */,
			);
			path = Profile;
			sourceTree = "<group>";
		};
		29A608FB285E61D300B910B4 /* Transactions */ = {
			isa = PBXGroup;
			children = (
				298A2E90285EB9E600E01A22 /* Transactions.storyboard */,
				29CE9F1E285FE179004D8B16 /* TransactionsViewController.swift */,
				29CE9F212860C6FD004D8B16 /* EmptyState.xib */,
				29CE9F2E286111B7004D8B16 /* TransactionsCell.xib */,
			);
			path = Transactions;
			sourceTree = "<group>";
		};
		29A608FC285E62C700B910B4 /* Main */ = {
			isa = PBXGroup;
			children = (
				29A608D0285E5A2300B910B4 /* Main.storyboard */,
				29CE9F282860D7B1004D8B16 /* TabBarViewController.swift */,
			);
			path = Main;
			sourceTree = "<group>";
		};
		29CE9F242860D59E004D8B16 /* Add */ = {
			isa = PBXGroup;
			children = (
				29CE9F252860D5AE004D8B16 /* Add.storyboard */,
				29CE9F2B2860DA69004D8B16 /* AddViewController.swift */,
			);
			path = Add;
			sourceTree = "<group>";
		};
		29CE9F3428611700004D8B16 /* Tools */ = {
			isa = PBXGroup;
			children = (
				29CE9F3528611710004D8B16 /* Tools.swift */,
			);
			path = Tools;
			sourceTree = "<group>";
		};
/* End PBXGroup section */

/* Begin PBXNativeTarget section */
		29A608C6285E5A2300B910B4 /* PlatziFinances */ = {
			isa = PBXNativeTarget;
			buildConfigurationList = 29A608DB285E5A2400B910B4 /* Build configuration list for PBXNativeTarget "PlatziFinances" */;
			buildPhases = (
				29A608C3285E5A2300B910B4 /* Sources */,
				29A608C4285E5A2300B910B4 /* Frameworks */,
				29A608C5285E5A2300B910B4 /* Resources */,
			);
			buildRules = (
			);
			dependencies = (
			);
			name = PlatziFinances;
			productName = PlatziFinances;
			productReference = 29A608C7285E5A2300B910B4 /* PlatziFinances.app */;
			productType = "com.apple.product-type.application";
		};
		29A608E0285E5F5000B910B4 /* Production */ = {
			isa = PBXNativeTarget;
			buildConfigurationList = 29A608EA285E5F5000B910B4 /* Build configuration list for PBXNativeTarget "Production" */;
			buildPhases = (
				29A608E1285E5F5000B910B4 /* Sources */,
				29A608E5285E5F5000B910B4 /* Frameworks */,
				29A608E6285E5F5000B910B4 /* Resources */,
			);
			buildRules = (
			);
			dependencies = (
			);
			name = Production;
			productName = PlatziFinances;
			productReference = 29A608ED285E5F5000B910B4 /* Production.app */;
			productType = "com.apple.product-type.application";
		};
/* End PBXNativeTarget section */

/* Begin PBXProject section */
		29A608BF285E5A2300B910B4 /* Project object */ = {
			isa = PBXProject;
			attributes = {
				BuildIndependentTargetsInParallel = 1;
				LastSwiftUpdateCheck = 1330;
				LastUpgradeCheck = 1330;
				TargetAttributes = {
					29A608C6285E5A2300B910B4 = {
						CreatedOnToolsVersion = 13.3.1;
					};
				};
			};
			buildConfigurationList = 29A608C2285E5A2300B910B4 /* Build configuration list for PBXProject "PlatziFinances" */;
			compatibilityVersion = "Xcode 13.0";
			developmentRegion = en;
			hasScannedForEncodings = 0;
			knownRegions = (
				en,
				Base,
			);
			mainGroup = 29A608BE285E5A2300B910B4;
			productRefGroup = 29A608C8285E5A2300B910B4 /* Products */;
			projectDirPath = "";
			projectRoot = "";
			targets = (
				29A608C6285E5A2300B910B4 /* PlatziFinances */,
				29A608E0285E5F5000B910B4 /* Production */,
			);
		};
/* End PBXProject section */

/* Begin PBXResourcesBuildPhase section */
		29A608C5285E5A2300B910B4 /* Resources */ = {
			isa = PBXResourcesBuildPhase;
			buildActionMask = 2147483647;
			files = (
				298A2E9E285ECA9B00E01A22 /* Colors.xcassets in Resources */,
				29CE9F222860C6FD004D8B16 /* EmptyState.xib in Resources */,
				298A2E9B285EBD0B00E01A22 /* SignIn.storyboard in Resources */,
				29A608D7285E5A2400B910B4 /* LaunchScreen.storyboard in Resources */,
				29A608D4285E5A2400B910B4 /* Assets.xcassets in Resources */,
				298A2E93285EBACE00E01A22 /* Profile.storyboard in Resources */,
				29A608D2285E5A2300B910B4 /* Main.storyboard in Resources */,
				298A2E91285EB9E600E01A22 /* Transactions.storyboard in Resources */,
				29CE9F2F286111B7004D8B16 /* TransactionsCell.xib in Resources */,
				298A2E99285EBB6A00E01A22 /* Statistics.storyboard in Resources */,
				298A2E97285EBB3300E01A22 /* Budget.storyboard in Resources */,
				29CE9F262860D5AE004D8B16 /* Add.storyboard in Resources */,
				29CE9F14285F6ECF004D8B16 /* OnBoarding.storyboard in Resources */,
			);
			runOnlyForDeploymentPostprocessing = 0;
		};
		29A608E6285E5F5000B910B4 /* Resources */ = {
			isa = PBXResourcesBuildPhase;
			buildActionMask = 2147483647;
			files = (
				29A608E7285E5F5000B910B4 /* LaunchScreen.storyboard in Resources */,
				29A608E8285E5F5000B910B4 /* Assets.xcassets in Resources */,
				29CE9F272860D5AE004D8B16 /* Add.storyboard in Resources */,
				29A608E9285E5F5000B910B4 /* Main.storyboard in Resources */,
				29CE9F30286111B7004D8B16 /* TransactionsCell.xib in Resources */,
				29CE9F232860C6FD004D8B16 /* EmptyState.xib in Resources */,
			);
			runOnlyForDeploymentPostprocessing = 0;
		};
/* End PBXResourcesBuildPhase section */

/* Begin PBXSourcesBuildPhase section */
		29A608C3285E5A2300B910B4 /* Sources */ = {
			isa = PBXSourcesBuildPhase;
			buildActionMask = 2147483647;
			files = (
				29CE9F2C2860DA69004D8B16 /* AddViewController.swift in Sources */,
				29A608CF285E5A2300B910B4 /* ViewController.swift in Sources */,
				298A2EA1285ED57F00E01A22 /* Shadow.swift in Sources */,
				29CE9F3628611710004D8B16 /* Tools.swift in Sources */,
				29CE9F16285F76E2004D8B16 /* OnBoardingContainerViewController.swift in Sources */,
				29CE9F19285F7908004D8B16 /* OnBoardingViewController.swift in Sources */,
				29CE9F3228611278004D8B16 /* BudgetViewController.swift in Sources */,
				29CE9F292860D7B1004D8B16 /* TabBarViewController.swift in Sources */,
				29CE9F1C285F7EA7004D8B16 /* OnBoardingStepsViewController.swift in Sources */,
				29A608CB285E5A2300B910B4 /* AppDelegate.swift in Sources */,
				29CE9F1F285FE179004D8B16 /* TransactionsViewController.swift in Sources */,
				29A608CD285E5A2300B910B4 /* SceneDelegate.swift in Sources */,
			);
			runOnlyForDeploymentPostprocessing = 0;
		};
		29A608E1285E5F5000B910B4 /* Sources */ = {
			isa = PBXSourcesBuildPhase;
			buildActionMask = 2147483647;
			files = (
				29CE9F2A2860D7B1004D8B16 /* TabBarViewController.swift in Sources */,
				29CE9F20285FE179004D8B16 /* TransactionsViewController.swift in Sources */,
				29CE9F2D2860DA69004D8B16 /* AddViewController.swift in Sources */,
				29A608E2285E5F5000B910B4 /* ViewController.swift in Sources */,
				29CE9F1D285F7EA7004D8B16 /* OnBoardingStepsViewController.swift in Sources */,
				29A608E3285E5F5000B910B4 /* AppDelegate.swift in Sources */,
				29A608E4285E5F5000B910B4 /* SceneDelegate.swift in Sources */,
				29CE9F3728611710004D8B16 /* Tools.swift in Sources */,
				29CE9F3328611278004D8B16 /* BudgetViewController.swift in Sources */,
				29CE9F17285F76E2004D8B16 /* OnBoardingContainerViewController.swift in Sources */,
				29CE9F1A285F7908004D8B16 /* OnBoardingViewController.swift in Sources */,
			);
			runOnlyForDeploymentPostprocessing = 0;
		};
/* End PBXSourcesBuildPhase section */

/* Begin PBXVariantGroup section */
		29A608D0285E5A2300B910B4 /* Main.storyboard */ = {
			isa = PBXVariantGroup;
			children = (
				29A608D1285E5A2300B910B4 /* Base */,
			);
			name = Main.storyboard;
			sourceTree = "<group>";
		};
		29A608D5285E5A2400B910B4 /* LaunchScreen.storyboard */ = {
			isa = PBXVariantGroup;
			children = (
				29A608D6285E5A2400B910B4 /* Base */,
			);
			name = LaunchScreen.storyboard;
			sourceTree = "<group>";
		};
/* End PBXVariantGroup section */

/* Begin XCBuildConfiguration section */
		29A608D9285E5A2400B910B4 /* Debug */ = {
			isa = XCBuildConfiguration;
			buildSettings = {
				ALWAYS_SEARCH_USER_PATHS = NO;
				CLANG_ANALYZER_NONNULL = YES;
				CLANG_ANALYZER_NUMBER_OBJECT_CONVERSION = YES_AGGRESSIVE;
				CLANG_CXX_LANGUAGE_STANDARD = "gnu++17";
				CLANG_ENABLE_MODULES = YES;
				CLANG_ENABLE_OBJC_ARC = YES;
				CLANG_ENABLE_OBJC_WEAK = YES;
				CLANG_WARN_BLOCK_CAPTURE_AUTORELEASING = YES;
				CLANG_WARN_BOOL_CONVERSION = YES;
				CLANG_WARN_COMMA = YES;
				CLANG_WARN_CONSTANT_CONVERSION = YES;
				CLANG_WARN_DEPRECATED_OBJC_IMPLEMENTATIONS = YES;
				CLANG_WARN_DIRECT_OBJC_ISA_USAGE = YES_ERROR;
				CLANG_WARN_DOCUMENTATION_COMMENTS = YES;
				CLANG_WARN_EMPTY_BODY = YES;
				CLANG_WARN_ENUM_CONVERSION = YES;
				CLANG_WARN_INFINITE_RECURSION = YES;
				CLANG_WARN_INT_CONVERSION = YES;
				CLANG_WARN_NON_LITERAL_NULL_CONVERSION = YES;
				CLANG_WARN_OBJC_IMPLICIT_RETAIN_SELF = YES;
				CLANG_WARN_OBJC_LITERAL_CONVERSION = YES;
				CLANG_WARN_OBJC_ROOT_CLASS = YES_ERROR;
				CLANG_WARN_QUOTED_INCLUDE_IN_FRAMEWORK_HEADER = YES;
				CLANG_WARN_RANGE_LOOP_ANALYSIS = YES;
				CLANG_WARN_STRICT_PROTOTYPES = YES;
				CLANG_WARN_SUSPICIOUS_MOVE = YES;
				CLANG_WARN_UNGUARDED_AVAILABILITY = YES_AGGRESSIVE;
				CLANG_WARN_UNREACHABLE_CODE = YES;
				CLANG_WARN__DUPLICATE_METHOD_MATCH = YES;
				COPY_PHASE_STRIP = NO;
				DEBUG_INFORMATION_FORMAT = dwarf;
				ENABLE_STRICT_OBJC_MSGSEND = YES;
				ENABLE_TESTABILITY = YES;
				GCC_C_LANGUAGE_STANDARD = gnu11;
				GCC_DYNAMIC_NO_PIC = NO;
				GCC_NO_COMMON_BLOCKS = YES;
				GCC_OPTIMIZATION_LEVEL = 0;
				GCC_PREPROCESSOR_DEFINITIONS = (
					"DEBUG=1",
					"$(inherited)",
				);
				GCC_WARN_64_TO_32_BIT_CONVERSION = YES;
				GCC_WARN_ABOUT_RETURN_TYPE = YES_ERROR;
				GCC_WARN_UNDECLARED_SELECTOR = YES;
				GCC_WARN_UNINITIALIZED_AUTOS = YES_AGGRESSIVE;
				GCC_WARN_UNUSED_FUNCTION = YES;
				GCC_WARN_UNUSED_VARIABLE = YES;
				IPHONEOS_DEPLOYMENT_TARGET = 15.4;
				MTL_ENABLE_DEBUG_INFO = INCLUDE_SOURCE;
				MTL_FAST_MATH = YES;
				ONLY_ACTIVE_ARCH = YES;
				SDKROOT = iphoneos;
				SWIFT_ACTIVE_COMPILATION_CONDITIONS = DEBUG;
				SWIFT_OPTIMIZATION_LEVEL = "-Onone";
			};
			name = Debug;
		};
		29A608DA285E5A2400B910B4 /* Release */ = {
			isa = XCBuildConfiguration;
			buildSettings = {
				ALWAYS_SEARCH_USER_PATHS = NO;
				CLANG_ANALYZER_NONNULL = YES;
				CLANG_ANALYZER_NUMBER_OBJECT_CONVERSION = YES_AGGRESSIVE;
				CLANG_CXX_LANGUAGE_STANDARD = "gnu++17";
				CLANG_ENABLE_MODULES = YES;
				CLANG_ENABLE_OBJC_ARC = YES;
				CLANG_ENABLE_OBJC_WEAK = YES;
				CLANG_WARN_BLOCK_CAPTURE_AUTORELEASING = YES;
				CLANG_WARN_BOOL_CONVERSION = YES;
				CLANG_WARN_COMMA = YES;
				CLANG_WARN_CONSTANT_CONVERSION = YES;
				CLANG_WARN_DEPRECATED_OBJC_IMPLEMENTATIONS = YES;
				CLANG_WARN_DIRECT_OBJC_ISA_USAGE = YES_ERROR;
				CLANG_WARN_DOCUMENTATION_COMMENTS = YES;
				CLANG_WARN_EMPTY_BODY = YES;
				CLANG_WARN_ENUM_CONVERSION = YES;
				CLANG_WARN_INFINITE_RECURSION = YES;
				CLANG_WARN_INT_CONVERSION = YES;
				CLANG_WARN_NON_LITERAL_NULL_CONVERSION = YES;
				CLANG_WARN_OBJC_IMPLICIT_RETAIN_SELF = YES;
				CLANG_WARN_OBJC_LITERAL_CONVERSION = YES;
				CLANG_WARN_OBJC_ROOT_CLASS = YES_ERROR;
				CLANG_WARN_QUOTED_INCLUDE_IN_FRAMEWORK_HEADER = YES;
				CLANG_WARN_RANGE_LOOP_ANALYSIS = YES;
				CLANG_WARN_STRICT_PROTOTYPES = YES;
				CLANG_WARN_SUSPICIOUS_MOVE = YES;
				CLANG_WARN_UNGUARDED_AVAILABILITY = YES_AGGRESSIVE;
				CLANG_WARN_UNREACHABLE_CODE = YES;
				CLANG_WARN__DUPLICATE_METHOD_MATCH = YES;
				COPY_PHASE_STRIP = NO;
				DEBUG_INFORMATION_FORMAT = "dwarf-with-dsym";
				ENABLE_NS_ASSERTIONS = NO;
				ENABLE_STRICT_OBJC_MSGSEND = YES;
				GCC_C_LANGUAGE_STANDARD = gnu11;
				GCC_NO_COMMON_BLOCKS = YES;
				GCC_WARN_64_TO_32_BIT_CONVERSION = YES;
				GCC_WARN_ABOUT_RETURN_TYPE = YES_ERROR;
				GCC_WARN_UNDECLARED_SELECTOR = YES;
				GCC_WARN_UNINITIALIZED_AUTOS = YES_AGGRESSIVE;
				GCC_WARN_UNUSED_FUNCTION = YES;
				GCC_WARN_UNUSED_VARIABLE = YES;
				IPHONEOS_DEPLOYMENT_TARGET = 15.4;
				MTL_ENABLE_DEBUG_INFO = NO;
				MTL_FAST_MATH = YES;
				SDKROOT = iphoneos;
				SWIFT_COMPILATION_MODE = wholemodule;
				SWIFT_OPTIMIZATION_LEVEL = "-O";
				VALIDATE_PRODUCT = YES;
			};
			name = Release;
		};
		29A608DC285E5A2400B910B4 /* Debug */ = {
			isa = XCBuildConfiguration;
			buildSettings = {
				ASSETCATALOG_COMPILER_APPICON_NAME = AppIcon;
				ASSETCATALOG_COMPILER_GLOBAL_ACCENT_COLOR_NAME = AccentColor;
				CODE_SIGN_STYLE = Automatic;
				CURRENT_PROJECT_VERSION = 1;
				DEVELOPMENT_TEAM = 7NE5HN3EQ8;
				GENERATE_INFOPLIST_FILE = YES;
				INFOPLIST_FILE = PlatziFinances/Info.plist;
				INFOPLIST_KEY_UIApplicationSupportsIndirectInputEvents = YES;
				INFOPLIST_KEY_UILaunchStoryboardName = LaunchScreen;
				INFOPLIST_KEY_UIMainStoryboardFile = LaunchScreen;
				INFOPLIST_KEY_UISupportedInterfaceOrientations = UIInterfaceOrientationPortrait;
				INFOPLIST_KEY_UISupportedInterfaceOrientations_iPad = "UIInterfaceOrientationPortrait UIInterfaceOrientationPortraitUpsideDown UIInterfaceOrientationLandscapeLeft UIInterfaceOrientationLandscapeRight";
				INFOPLIST_KEY_UISupportedInterfaceOrientations_iPhone = "UIInterfaceOrientationPortrait UIInterfaceOrientationLandscapeLeft UIInterfaceOrientationLandscapeRight";
				LD_RUNPATH_SEARCH_PATHS = (
					"$(inherited)",
					"@executable_path/Frameworks",
				);
				MARKETING_VERSION = 1.0;
				PRODUCT_BUNDLE_IDENTIFIER = com.jhony.PlatziFinances;
				PRODUCT_NAME = "$(TARGET_NAME)";
				SWIFT_EMIT_LOC_STRINGS = YES;
				SWIFT_VERSION = 5.0;
				TARGETED_DEVICE_FAMILY = "1,2";
			};
			name = Debug;
		};
		29A608DD285E5A2400B910B4 /* Release */ = {
			isa = XCBuildConfiguration;
			buildSettings = {
				ASSETCATALOG_COMPILER_APPICON_NAME = AppIcon;
				ASSETCATALOG_COMPILER_GLOBAL_ACCENT_COLOR_NAME = AccentColor;
				CODE_SIGN_STYLE = Automatic;
				CURRENT_PROJECT_VERSION = 1;
				DEVELOPMENT_TEAM = 7NE5HN3EQ8;
				GENERATE_INFOPLIST_FILE = YES;
				INFOPLIST_FILE = PlatziFinances/Info.plist;
				INFOPLIST_KEY_UIApplicationSupportsIndirectInputEvents = YES;
				INFOPLIST_KEY_UILaunchStoryboardName = LaunchScreen;
				INFOPLIST_KEY_UIMainStoryboardFile = LaunchScreen;
				INFOPLIST_KEY_UISupportedInterfaceOrientations = UIInterfaceOrientationPortrait;
				INFOPLIST_KEY_UISupportedInterfaceOrientations_iPad = "UIInterfaceOrientationPortrait UIInterfaceOrientationPortraitUpsideDown UIInterfaceOrientationLandscapeLeft UIInterfaceOrientationLandscapeRight";
				INFOPLIST_KEY_UISupportedInterfaceOrientations_iPhone = "UIInterfaceOrientationPortrait UIInterfaceOrientationLandscapeLeft UIInterfaceOrientationLandscapeRight";
				LD_RUNPATH_SEARCH_PATHS = (
					"$(inherited)",
					"@executable_path/Frameworks",
				);
				MARKETING_VERSION = 1.0;
				PRODUCT_BUNDLE_IDENTIFIER = com.jhony.PlatziFinances;
				PRODUCT_NAME = "$(TARGET_NAME)";
				SWIFT_EMIT_LOC_STRINGS = YES;
				SWIFT_VERSION = 5.0;
				TARGETED_DEVICE_FAMILY = "1,2";
			};
			name = Release;
		};
		29A608EB285E5F5000B910B4 /* Debug */ = {
			isa = XCBuildConfiguration;
			buildSettings = {
				ASSETCATALOG_COMPILER_APPICON_NAME = AppIcon;
				ASSETCATALOG_COMPILER_GLOBAL_ACCENT_COLOR_NAME = AccentColor;
				CODE_SIGN_STYLE = Automatic;
				CURRENT_PROJECT_VERSION = 1;
				DEVELOPMENT_TEAM = 7NE5HN3EQ8;
				GENERATE_INFOPLIST_FILE = YES;
				INFOPLIST_FILE = "PlatziFinances copy-Info.plist";
				INFOPLIST_KEY_UIApplicationSupportsIndirectInputEvents = YES;
				INFOPLIST_KEY_UILaunchStoryboardName = LaunchScreen;
				INFOPLIST_KEY_UIMainStoryboardFile = Main;
				INFOPLIST_KEY_UISupportedInterfaceOrientations = UIInterfaceOrientationPortrait;
				INFOPLIST_KEY_UISupportedInterfaceOrientations_iPad = "UIInterfaceOrientationPortrait UIInterfaceOrientationPortraitUpsideDown UIInterfaceOrientationLandscapeLeft UIInterfaceOrientationLandscapeRight";
				INFOPLIST_KEY_UISupportedInterfaceOrientations_iPhone = "UIInterfaceOrientationPortrait UIInterfaceOrientationLandscapeLeft UIInterfaceOrientationLandscapeRight";
				LD_RUNPATH_SEARCH_PATHS = (
					"$(inherited)",
					"@executable_path/Frameworks",
				);
				MARKETING_VERSION = 1.0;
				PRODUCT_BUNDLE_IDENTIFIER = com.jhony.PlatziFinances;
				PRODUCT_NAME = "$(TARGET_NAME)";
				SWIFT_EMIT_LOC_STRINGS = YES;
				SWIFT_VERSION = 5.0;
				TARGETED_DEVICE_FAMILY = "1,2";
			};
			name = Debug;
		};
		29A608EC285E5F5000B910B4 /* Release */ = {
			isa = XCBuildConfiguration;
			buildSettings = {
				ASSETCATALOG_COMPILER_APPICON_NAME = AppIcon;
				ASSETCATALOG_COMPILER_GLOBAL_ACCENT_COLOR_NAME = AccentColor;
				CODE_SIGN_STYLE = Automatic;
				CURRENT_PROJECT_VERSION = 1;
				DEVELOPMENT_TEAM = 7NE5HN3EQ8;
				GENERATE_INFOPLIST_FILE = YES;
				INFOPLIST_FILE = "PlatziFinances copy-Info.plist";
				INFOPLIST_KEY_UIApplicationSupportsIndirectInputEvents = YES;
				INFOPLIST_KEY_UILaunchStoryboardName = LaunchScreen;
				INFOPLIST_KEY_UIMainStoryboardFile = Main;
				INFOPLIST_KEY_UISupportedInterfaceOrientations = UIInterfaceOrientationPortrait;
				INFOPLIST_KEY_UISupportedInterfaceOrientations_iPad = "UIInterfaceOrientationPortrait UIInterfaceOrientationPortraitUpsideDown UIInterfaceOrientationLandscapeLeft UIInterfaceOrientationLandscapeRight";
				INFOPLIST_KEY_UISupportedInterfaceOrientations_iPhone = "UIInterfaceOrientationPortrait UIInterfaceOrientationLandscapeLeft UIInterfaceOrientationLandscapeRight";
				LD_RUNPATH_SEARCH_PATHS = (
					"$(inherited)",
					"@executable_path/Frameworks",
				);
				MARKETING_VERSION = 1.0;
				PRODUCT_BUNDLE_IDENTIFIER = com.jhony.PlatziFinances;
				PRODUCT_NAME = "$(TARGET_NAME)";
				SWIFT_EMIT_LOC_STRINGS = YES;
				SWIFT_VERSION = 5.0;
				TARGETED_DEVICE_FAMILY = "1,2";
			};
			name = Release;
		};
/* End XCBuildConfiguration section */

/* Begin XCConfigurationList section */
		29A608C2285E5A2300B910B4 /* Build configuration list for PBXProject "PlatziFinances" */ = {
			isa = XCConfigurationList;
			buildConfigurations = (
				29A608D9285E5A2400B910B4 /* Debug */,
				29A608DA285E5A2400B910B4 /* Release */,
			);
			defaultConfigurationIsVisible = 0;
			defaultConfigurationName = Release;
		};
		29A608DB285E5A2400B910B4 /* Build configuration list for PBXNativeTarget "PlatziFinances" */ = {
			isa = XCConfigurationList;
			buildConfigurations = (
				29A608DC285E5A2400B910B4 /* Debug */,
				29A608DD285E5A2400B910B4 /* Release */,
			);
			defaultConfigurationIsVisible = 0;
			defaultConfigurationName = Release;
		};
		29A608EA285E5F5000B910B4 /* Build configuration list for PBXNativeTarget "Production" */ = {
			isa = XCConfigurationList;
			buildConfigurations = (
				29A608EB285E5F5000B910B4 /* Debug */,
				29A608EC285E5F5000B910B4 /* Release */,
			);
			defaultConfigurationIsVisible = 0;
			defaultConfigurationName = Release;
		};
/* End XCConfigurationList section */
	};
	rootObject = 29A608BF285E5A2300B910B4 /* Project object */;
}
